{
  "nodes": {
    "fenix": {
      "inputs": {
        "nixpkgs": [
          "nixpkgs"
        ],
        "rust-analyzer-src": "rust-analyzer-src"
      },
      "locked": {
        "lastModified": 1631672792,
        "narHash": "sha256-mKOrm7Dvvpi/bNPl196SwDSTpGWs6CGB8jsMT1/MLu0=",
        "owner": "nix-community",
        "repo": "fenix",
        "rev": "e917dae2552d6d50797a718bffba34102af082bf",
        "type": "github"
      },
      "original": {
        "owner": "nix-community",
        "repo": "fenix",
        "type": "github"
      }
    },
    "flake-compat": {
      "flake": false,
      "locked": {
        "lastModified": 1627913399,
        "narHash": "sha256-hY8g6H2KFL8ownSiFeMOjwPC8P0ueXpCVEbxgda3pko=",
        "owner": "edolstra",
        "repo": "flake-compat",
        "rev": "12c64ca55c1014cdc1b16ed5a804aa8576601ff2",
        "type": "github"
      },
      "original": {
        "owner": "edolstra",
        "repo": "flake-compat",
        "type": "github"
      }
    },
    "flake-utils": {
      "locked": {
        "lastModified": 1631561581,
        "narHash": "sha256-3VQMV5zvxaVLvqqUrNz3iJelLw30mIVSfZmAaauM3dA=",
        "owner": "numtide",
        "repo": "flake-utils",
        "rev": "7e5bf3925f6fbdfaf50a2a7ca0be2879c4261d19",
        "type": "github"
      },
      "original": {
        "owner": "numtide",
        "repo": "flake-utils",
        "type": "github"
      }
    },
    "naersk": {
      "inputs": {
        "nixpkgs": [
          "nixpkgs"
        ]
      },
      "locked": {
        "lastModified": 1631004250,
        "narHash": "sha256-LGh0CjAZwh13AVkTi9w9lITEC7x6bwSQyFViOZ6HyNo=",
        "owner": "nix-community",
        "repo": "naersk",
        "rev": "08afb3d1dbfe016108b72e05b02ba0f6ecb3c8e1",
        "type": "github"
      },
      "original": {
        "owner": "nix-community",
        "repo": "naersk",
        "type": "github"
      }
    },
    "nixpkgs": {
      "locked": {
        "lastModified": 1631676318,
        "narHash": "sha256-F7B0ZN/EgCX/8auBjGzfWHcQjHD7YB8TtHiD7laORD4=",
        "owner": "nixos",
        "repo": "nixpkgs",
        "rev": "d91cd9654f7b14115001bf4a920bd03593d530e6",
        "type": "github"
      },
      "original": {
        "owner": "nixos",
        "repo": "nixpkgs",
        "type": "github"
      }
    },
    "root": {
      "inputs": {
        "fenix": "fenix",
        "flake-compat": "flake-compat",
        "flake-utils": "flake-utils",
        "naersk": "naersk",
        "nixpkgs": "nixpkgs"
      }
    },
    "rust-analyzer-src": {
      "flake": false,
      "locked": {
        "lastModified": 1631644319,
        "narHash": "sha256-Q/d+KLvVURRuz7pFv+TZ+3QCL+s4VmGub8XCdOUkr0M=",
        "owner": "rust-analyzer",
        "repo": "rust-analyzer",
        "rev": "726a2aa211974a6bb1a612fe8824df7baf59faf6",
        "type": "github"
      },
      "original": {
        "owner": "rust-analyzer",
        "ref": "nightly",
        "repo": "rust-analyzer",
        "type": "github"
      }
    }
  },
  "root": "root",
  "version": 7
}
